
Microsoft Visual Studio Solution File, Format Version 12.00
# Visual Studio Version 17
VisualStudioVersion = 17.2.32602.215
MinimumVisualStudioVersion = 10.0.40219.1
Project("{FAE04EC0-301F-11D3-BF4B-00C04F79EFBC}") = "Attentiontodetail", "Attentiontodetail\Attentiontodetail.csproj", "{6AF34E0F-1EC9-4D1F-ADB4-18D17DC157B2}"
EndProject
Global
	GlobalSection(SolutionConfigurationPlatforms) = preSolution
		Debug|Any CPU = Debug|Any CPU
		Release|Any CPU = Release|Any CPU
	EndGlobalSection
	GlobalSection(ProjectConfigurationPlatforms) = postSolution
		{6AF34E0F-1EC9-4D1F-ADB4-18D17DC157B2}.Debug|Any CPU.ActiveCfg = Debug|Any CPU
		{6AF34E0F-1EC9-4D1F-ADB4-18D17DC157B2}.Debug|Any CPU.Build.0 = Debug|Any CPU
		{6AF34E0F-1EC9-4D1F-ADB4-18D17DC157B2}.Release|Any CPU.ActiveCfg = Release|Any CPU
		{6AF34E0F-1EC9-4D1F-ADB4-18D17DC157B2}.Release|Any CPU.Build.0 = Release|Any CPU
	EndGlobalSection
	GlobalSection(SolutionProperties) = preSolution
		HideSolutionNode = FALSE
	EndGlobalSection
	GlobalSection(ExtensibilityGlobals) = postSolution
		SolutionGuid = {34131A22-4D35-45B9-B137-2FF727D838B5}
	EndGlobalSection
EndGlobal
